
Microsoft Visual Studio Solution File, Format Version 12.00
# Visual Studio Version 16
VisualStudioVersion = 16.0.31321.278
MinimumVisualStudioVersion = 10.0.40219.1
Project("{FAE04EC0-301F-11D3-BF4B-00C04F79EFBC}") = "Work1.1.", "..\Work1.1\Work1.1\Work1.1..csproj", "{0B2C7EF7-5226-4F2E-A9BE-9D7FE5DC713B}"
EndProject
Global
	GlobalSection(SolutionConfigurationPlatforms) = preSolution
		Debug|Any CPU = Debug|Any CPU
		Release|Any CPU = Release|Any CPU
	EndGlobalSection
	GlobalSection(ProjectConfigurationPlatforms) = postSolution
		{0B2C7EF7-5226-4F2E-A9BE-9D7FE5DC713B}.Debug|Any CPU.ActiveCfg = Debug|Any CPU
		{0B2C7EF7-5226-4F2E-A9BE-9D7FE5DC713B}.Debug|Any CPU.Build.0 = Debug|Any CPU
		{0B2C7EF7-5226-4F2E-A9BE-9D7FE5DC713B}.Release|Any CPU.ActiveCfg = Release|Any CPU
		{0B2C7EF7-5226-4F2E-A9BE-9D7FE5DC713B}.Release|Any CPU.Build.0 = Release|Any CPU
	EndGlobalSection
	GlobalSection(SolutionProperties) = preSolution
		HideSolutionNode = FALSE
	EndGlobalSection
	GlobalSection(ExtensibilityGlobals) = postSolution
		SolutionGuid = {6B86722C-5893-466C-AC95-6E9315AFAE80}
	EndGlobalSection
EndGlobal
